
Microsoft Visual Studio Solution File, Format Version 12.00
# Visual Studio Version 16
VisualStudioVersion = 16.0.31729.503
MinimumVisualStudioVersion = 10.0.40219.1
Project("{FAE04EC0-301F-11D3-BF4B-00C04F79EFBC}") = "blackJack", "blackJack.csproj", "{2723C70B-EE6D-4F01-A802-3F3D3FF9EA6C}"
EndProject
Global
	GlobalSection(SolutionConfigurationPlatforms) = preSolution
		Debug|Any CPU = Debug|Any CPU
		Release|Any CPU = Release|Any CPU
	EndGlobalSection
	GlobalSection(ProjectConfigurationPlatforms) = postSolution
		{2723C70B-EE6D-4F01-A802-3F3D3FF9EA6C}.Debug|Any CPU.ActiveCfg = Debug|Any CPU
		{2723C70B-EE6D-4F01-A802-3F3D3FF9EA6C}.Debug|Any CPU.Build.0 = Debug|Any CPU
		{2723C70B-EE6D-4F01-A802-3F3D3FF9EA6C}.Release|Any CPU.ActiveCfg = Release|Any CPU
		{2723C70B-EE6D-4F01-A802-3F3D3FF9EA6C}.Release|Any CPU.Build.0 = Release|Any CPU
	EndGlobalSection
	GlobalSection(SolutionProperties) = preSolution
		HideSolutionNode = FALSE
	EndGlobalSection
	GlobalSection(ExtensibilityGlobals) = postSolution
		SolutionGuid = {14DDD790-ACA8-4537-8144-B90457F39B65}
	EndGlobalSection
EndGlobal
